
Microsoft Visual Studio Solution File, Format Version 12.00
# Visual Studio Version 16
VisualStudioVersion = 16.0.31129.286
MinimumVisualStudioVersion = 10.0.40219.1
Project("{FAE04EC0-301F-11D3-BF4B-00C04F79EFBC}") = "ProjetoCadastro", "ProjetoCadastro\ProjetoCadastro.csproj", "{9BFE32EF-E866-42CB-9CE4-CEFA6DE5DD65}"
EndProject
Global
	GlobalSection(SolutionConfigurationPlatforms) = preSolution
		Debug|Any CPU = Debug|Any CPU
		Release|Any CPU = Release|Any CPU
	EndGlobalSection
	GlobalSection(ProjectConfigurationPlatforms) = postSolution
		{9BFE32EF-E866-42CB-9CE4-CEFA6DE5DD65}.Debug|Any CPU.ActiveCfg = Debug|Any CPU
		{9BFE32EF-E866-42CB-9CE4-CEFA6DE5DD65}.Debug|Any CPU.Build.0 = Debug|Any CPU
		{9BFE32EF-E866-42CB-9CE4-CEFA6DE5DD65}.Release|Any CPU.ActiveCfg = Release|Any CPU
		{9BFE32EF-E866-42CB-9CE4-CEFA6DE5DD65}.Release|Any CPU.Build.0 = Release|Any CPU
	EndGlobalSection
	GlobalSection(SolutionProperties) = preSolution
		HideSolutionNode = FALSE
	EndGlobalSection
	GlobalSection(ExtensibilityGlobals) = postSolution
		SolutionGuid = {058519EF-0A61-46D0-B0A9-983E89BFF839}
	EndGlobalSection
EndGlobal
